// !$*UTF8*$!
{
	archiveVersion = 1;
	classes = {
	};
	objectVersion = 50;
	objects = {

/* Begin PBXBuildFile section */
		AB9ABDCA24AFC767003E950E /* AppDelegate.swift in Sources */ = {isa = PBXBuildFile; fileRef = AB9ABDC924AFC767003E950E /* AppDelegate.swift */; };
		AB9ABDCC24AFC767003E950E /* SceneDelegate.swift in Sources */ = {isa = PBXBuildFile; fileRef = AB9ABDCB24AFC767003E950E /* SceneDelegate.swift */; };
		AB9ABDCE24AFC767003E950E /* ViewController.swift in Sources */ = {isa = PBXBuildFile; fileRef = AB9ABDCD24AFC767003E950E /* ViewController.swift */; };
		AB9ABDD124AFC767003E950E /* Main.storyboard in Resources */ = {isa = PBXBuildFile; fileRef = AB9ABDCF24AFC767003E950E /* Main.storyboard */; };
		AB9ABDD324AFC769003E950E /* Assets.xcassets in Resources */ = {isa = PBXBuildFile; fileRef = AB9ABDD224AFC769003E950E /* Assets.xcassets */; };
		AB9ABDD624AFC769003E950E /* LaunchScreen.storyboard in Resources */ = {isa = PBXBuildFile; fileRef = AB9ABDD424AFC769003E950E /* LaunchScreen.storyboard */; };
		AB9ABDE124AFC870003E950E /* start.txt in Resources */ = {isa = PBXBuildFile; fileRef = AB9ABDE024AFC870003E950E /* start.txt */; };
/* End PBXBuildFile section */

/* Begin PBXFileReference section */
		AB9ABDC624AFC767003E950E /* HS5WordScramble.app */ = {isa = PBXFileReference; explicitFileType = wrapper.application; includeInIndex = 0; path = HS5WordScramble.app; sourceTree = BUILT_PRODUCTS_DIR; };
		AB9ABDC924AFC767003E950E /* AppDelegate.swift */ = {isa = PBXFileReference; lastKnownFileType = sourcecode.swift; path = AppDelegate.swift; sourceTree = "<group>"; };
		AB9ABDCB24AFC767003E950E /* SceneDelegate.swift */ = {isa = PBXFileReference; lastKnownFileType = sourcecode.swift; path = SceneDelegate.swift; sourceTree = "<group>"; };
		AB9ABDCD24AFC767003E950E /* ViewController.swift */ = {isa = PBXFileReference; lastKnownFileType = sourcecode.swift; path = ViewController.swift; sourceTree = "<group>"; };
		AB9ABDD024AFC767003E950E /* Base */ = {isa = PBXFileReference; lastKnownFileType = file.storyboard; name = Base; path = Base.lproj/Main.storyboard; sourceTree = "<group>"; };
		AB9ABDD224AFC769003E950E /* Assets.xcassets */ = {isa = PBXFileReference; lastKnownFileType = folder.assetcatalog; path = Assets.xcassets; sourceTree = "<group>"; };
		AB9ABDD524AFC769003E950E /* Base */ = {isa = PBXFileReference; lastKnownFileType = file.storyboard; name = Base; path = Base.lproj/LaunchScreen.storyboard; sourceTree = "<group>"; };
		AB9ABDD724AFC769003E950E /* Info.plist */ = {isa = PBXFileReference; lastKnownFileType = text.plist.xml; path = Info.plist; sourceTree = "<group>"; };
		AB9ABDE024AFC870003E950E /* start.txt */ = {isa = PBXFileReference; fileEncoding = 4; lastKnownFileType = text; path = start.txt; sourceTree = "<group>"; };
/* End PBXFileReference section */

/* Begin PBXFrameworksBuildPhase section */
		AB9ABDC324AFC767003E950E /* Frameworks */ = {
			isa = PBXFrameworksBuildPhase;
			buildActionMask = 2147483647;
			files = (
			);
			runOnlyForDeploymentPostprocessing = 0;
		};
/* End PBXFrameworksBuildPhase section */

/* Begin PBXGroup section */
		AB9ABDBD24AFC767003E950E = {
			isa = PBXGroup;
			children = (
				AB9ABDC824AFC767003E950E /* HS5WordScramble */,
				AB9ABDC724AFC767003E950E /* Products */,
			);
			sourceTree = "<group>";
		};
		AB9ABDC724AFC767003E950E /* Products */ = {
			isa = PBXGroup;
			children = (
				AB9ABDC624AFC767003E950E /* HS5WordScramble.app */,
			);
			name = Products;
			sourceTree = "<group>";
		};
		AB9ABDC824AFC767003E950E /* HS5WordScramble */ = {
			isa = PBXGroup;
			children = (
				AB9ABDDD24AFC77A003E950E /* Resources */,
				AB9ABDCD24AFC767003E950E /* ViewController.swift */,
				AB9ABDDE24AFC780003E950E /* Views */,
			);
			path = HS5WordScramble;
			sourceTree = "<group>";
		};
		AB9ABDDD24AFC77A003E950E /* Resources */ = {
			isa = PBXGroup;
			children = (
				AB9ABDE024AFC870003E950E /* start.txt */,
				AB9ABDC924AFC767003E950E /* AppDelegate.swift */,
				AB9ABDCB24AFC767003E950E /* SceneDelegate.swift */,
				AB9ABDD224AFC769003E950E /* Assets.xcassets */,
				AB9ABDD724AFC769003E950E /* Info.plist */,
			);
			path = Resources;
			sourceTree = "<group>";
		};
		AB9ABDDE24AFC780003E950E /* Views */ = {
			isa = PBXGroup;
			children = (
				AB9ABDDF24AFC785003E950E /* Storyboards */,
			);
			path = Views;
			sourceTree = "<group>";
		};
		AB9ABDDF24AFC785003E950E /* Storyboards */ = {
			isa = PBXGroup;
			children = (
				AB9ABDCF24AFC767003E950E /* Main.storyboard */,
				AB9ABDD424AFC769003E950E /* LaunchScreen.storyboard */,
			);
			path = Storyboards;
			sourceTree = "<group>";
		};
/* End PBXGroup section */

/* Begin PBXNativeTarget section */
		AB9ABDC524AFC767003E950E /* HS5WordScramble */ = {
			isa = PBXNativeTarget;
			buildConfigurationList = AB9ABDDA24AFC769003E950E /* Build configuration list for PBXNativeTarget "HS5WordScramble" */;
			buildPhases = (
				AB9ABDC224AFC767003E950E /* Sources */,
				AB9ABDC324AFC767003E950E /* Frameworks */,
				AB9ABDC424AFC767003E950E /* Resources */,
			);
			buildRules = (
			);
			dependencies = (
			);
			name = HS5WordScramble;
			productName = HS5WordScramble;
			productReference = AB9ABDC624AFC767003E950E /* HS5WordScramble.app */;
			productType = "com.apple.product-type.application";
		};
/* End PBXNativeTarget section */

/* Begin PBXProject section */
		AB9ABDBE24AFC767003E950E /* Project object */ = {
			isa = PBXProject;
			attributes = {
				LastSwiftUpdateCheck = 1150;
				LastUpgradeCheck = 1150;
				ORGANIZATIONNAME = "Aaron Shackelford";
				TargetAttributes = {
					AB9ABDC524AFC767003E950E = {
						CreatedOnToolsVersion = 11.5;
					};
				};
			};
			buildConfigurationList = AB9ABDC124AFC767003E950E /* Build configuration list for PBXProject "HS5WordScramble" */;
			compatibilityVersion = "Xcode 9.3";
			developmentRegion = en;
			hasScannedForEncodings = 0;
			knownRegions = (
				en,
				Base,
			);
			mainGroup = AB9ABDBD24AFC767003E950E;
			productRefGroup = AB9ABDC724AFC767003E950E /* Products */;
			projectDirPath = "";
			projectRoot = "";
			targets = (
				AB9ABDC524AFC767003E950E /* HS5WordScramble */,
			);
		};
/* End PBXProject section */

/* Begin PBXResourcesBuildPhase section */
		AB9ABDC424AFC767003E950E /* Resources */ = {
			isa = PBXResourcesBuildPhase;
			buildActionMask = 2147483647;
			files = (
				AB9ABDD624AFC769003E950E /* LaunchScreen.storyboard in Resources */,
				AB9ABDE124AFC870003E950E /* start.txt in Resources */,
				AB9ABDD324AFC769003E950E /* Assets.xcassets in Resources */,
				AB9ABDD124AFC767003E950E /* Main.storyboard in Resources */,
			);
			runOnlyForDeploymentPostprocessing = 0;
		};
/* End PBXResourcesBuildPhase section */

/* Begin PBXSourcesBuildPhase section */
		AB9ABDC224AFC767003E950E /* Sources */ = {
			isa = PBXSourcesBuildPhase;
			buildActionMask = 2147483647;
			files = (
				AB9ABDCE24AFC767003E950E /* ViewController.swift in Sources */,
				AB9ABDCA24AFC767003E950E /* AppDelegate.swift in Sources */,
				AB9ABDCC24AFC767003E950E /* SceneDelegate.swift in Sources */,
			);
			runOnlyForDeploymentPostprocessing = 0;
		};
/* End PBXSourcesBuildPhase section */

/* Begin PBXVariantGroup section */
		AB9ABDCF24AFC767003E950E /* Main.storyboard */ = {
			isa = PBXVariantGroup;
			children = (
				AB9ABDD024AFC767003E950E /* Base */,
			);
			name = Main.storyboard;
			sourceTree = "<group>";
		};
		AB9ABDD424AFC769003E950E /* LaunchScreen.storyboard */ = {
			isa = PBXVariantGroup;
			children = (
				AB9ABDD524AFC769003E950E /* Base */,
			);
			name = LaunchScreen.storyboard;
			sourceTree = "<group>";
		};
/* End PBXVariantGroup section */

/* Begin XCBuildConfiguration section */
		AB9ABDD824AFC769003E950E /* Debug */ = {
			isa = XCBuildConfiguration;
			buildSettings = {
				ALWAYS_SEARCH_USER_PATHS = NO;
				CLANG_ANALYZER_NONNULL = YES;
				CLANG_ANALYZER_NUMBER_OBJECT_CONVERSION = YES_AGGRESSIVE;
				CLANG_CXX_LANGUAGE_STANDARD = "gnu++14";
				CLANG_CXX_LIBRARY = "libc++";
				CLANG_ENABLE_MODULES = YES;
				CLANG_ENABLE_OBJC_ARC = YES;
				CLANG_ENABLE_OBJC_WEAK = YES;
				CLANG_WARN_BLOCK_CAPTURE_AUTORELEASING = YES;
				CLANG_WARN_BOOL_CONVERSION = YES;
				CLANG_WARN_COMMA = YES;
				CLANG_WARN_CONSTANT_CONVERSION = YES;
				CLANG_WARN_DEPRECATED_OBJC_IMPLEMENTATIONS = YES;
				CLANG_WARN_DIRECT_OBJC_ISA_USAGE = YES_ERROR;
				CLANG_WARN_DOCUMENTATION_COMMENTS = YES;
				CLANG_WARN_EMPTY_BODY = YES;
				CLANG_WARN_ENUM_CONVERSION = YES;
				CLANG_WARN_INFINITE_RECURSION = YES;
				CLANG_WARN_INT_CONVERSION = YES;
				CLANG_WARN_NON_LITERAL_NULL_CONVERSION = YES;
				CLANG_WARN_OBJC_IMPLICIT_RETAIN_SELF = YES;
				CLANG_WARN_OBJC_LITERAL_CONVERSION = YES;
				CLANG_WARN_OBJC_ROOT_CLASS = YES_ERROR;
				CLANG_WARN_RANGE_LOOP_ANALYSIS = YES;
				CLANG_WARN_STRICT_PROTOTYPES = YES;
				CLANG_WARN_SUSPICIOUS_MOVE = YES;
				CLANG_WARN_UNGUARDED_AVAILABILITY = YES_AGGRESSIVE;
				CLANG_WARN_UNREACHABLE_CODE = YES;
				CLANG_WARN__DUPLICATE_METHOD_MATCH = YES;
				COPY_PHASE_STRIP = NO;
				DEBUG_INFORMATION_FORMAT = dwarf;
				ENABLE_STRICT_OBJC_MSGSEND = YES;
				ENABLE_TESTABILITY = YES;
				GCC_C_LANGUAGE_STANDARD = gnu11;
				GCC_DYNAMIC_NO_PIC = NO;
				GCC_NO_COMMON_BLOCKS = YES;
				GCC_OPTIMIZATION_LEVEL = 0;
				GCC_PREPROCESSOR_DEFINITIONS = (
					"DEBUG=1",
					"$(inherited)",
				);
				GCC_WARN_64_TO_32_BIT_CONVERSION = YES;
				GCC_WARN_ABOUT_RETURN_TYPE = YES_ERROR;
				GCC_WARN_UNDECLARED_SELECTOR = YES;
				GCC_WARN_UNINITIALIZED_AUTOS = YES_AGGRESSIVE;
				GCC_WARN_UNUSED_FUNCTION = YES;
				GCC_WARN_UNUSED_VARIABLE = YES;
				IPHONEOS_DEPLOYMENT_TARGET = 13.5;
				MTL_ENABLE_DEBUG_INFO = INCLUDE_SOURCE;
				MTL_FAST_MATH = YES;
				ONLY_ACTIVE_ARCH = YES;
				SDKROOT = iphoneos;
				SWIFT_ACTIVE_COMPILATION_CONDITIONS = DEBUG;
				SWIFT_OPTIMIZATION_LEVEL = "-Onone";
			};
			name = Debug;
		};
		AB9ABDD924AFC769003E950E /* Release */ = {
			isa = XCBuildConfiguration;
			buildSettings = {
				ALWAYS_SEARCH_USER_PATHS = NO;
				CLANG_ANALYZER_NONNULL = YES;
				CLANG_ANALYZER_NUMBER_OBJECT_CONVERSION = YES_AGGRESSIVE;
				CLANG_CXX_LANGUAGE_STANDARD = "gnu++14";
				CLANG_CXX_LIBRARY = "libc++";
				CLANG_ENABLE_MODULES = YES;
				CLANG_ENABLE_OBJC_ARC = YES;
				CLANG_ENABLE_OBJC_WEAK = YES;
				CLANG_WARN_BLOCK_CAPTURE_AUTORELEASING = YES;
				CLANG_WARN_BOOL_CONVERSION = YES;
				CLANG_WARN_COMMA = YES;
				CLANG_WARN_CONSTANT_CONVERSION = YES;
				CLANG_WARN_DEPRECATED_OBJC_IMPLEMENTATIONS = YES;
				CLANG_WARN_DIRECT_OBJC_ISA_USAGE = YES_ERROR;
				CLANG_WARN_DOCUMENTATION_COMMENTS = YES;
				CLANG_WARN_EMPTY_BODY = YES;
				CLANG_WARN_ENUM_CONVERSION = YES;
				CLANG_WARN_INFINITE_RECURSION = YES;
				CLANG_WARN_INT_CONVERSION = YES;
				CLANG_WARN_NON_LITERAL_NULL_CONVERSION = YES;
				CLANG_WARN_OBJC_IMPLICIT_RETAIN_SELF = YES;
				CLANG_WARN_OBJC_LITERAL_CONVERSION = YES;
				CLANG_WARN_OBJC_ROOT_CLASS = YES_ERROR;
				CLANG_WARN_RANGE_LOOP_ANALYSIS = YES;
				CLANG_WARN_STRICT_PROTOTYPES = YES;
				CLANG_WARN_SUSPICIOUS_MOVE = YES;
				CLANG_WARN_UNGUARDED_AVAILABILITY = YES_AGGRESSIVE;
				CLANG_WARN_UNREACHABLE_CODE = YES;
				CLANG_WARN__DUPLICATE_METHOD_MATCH = YES;
				COPY_PHASE_STRIP = NO;
				DEBUG_INFORMATION_FORMAT = "dwarf-with-dsym";
				ENABLE_NS_ASSERTIONS = NO;
				ENABLE_STRICT_OBJC_MSGSEND = YES;
				GCC_C_LANGUAGE_STANDARD = gnu11;
				GCC_NO_COMMON_BLOCKS = YES;
				GCC_WARN_64_TO_32_BIT_CONVERSION = YES;
				GCC_WARN_ABOUT_RETURN_TYPE = YES_ERROR;
				GCC_WARN_UNDECLARED_SELECTOR = YES;
				GCC_WARN_UNINITIALIZED_AUTOS = YES_AGGRESSIVE;
				GCC_WARN_UNUSED_FUNCTION = YES;
				GCC_WARN_UNUSED_VARIABLE = YES;
				IPHONEOS_DEPLOYMENT_TARGET = 13.5;
				MTL_ENABLE_DEBUG_INFO = NO;
				MTL_FAST_MATH = YES;
				SDKROOT = iphoneos;
				SWIFT_COMPILATION_MODE = wholemodule;
				SWIFT_OPTIMIZATION_LEVEL = "-O";
				VALIDATE_PRODUCT = YES;
			};
			name = Release;
		};
		AB9ABDDB24AFC769003E950E /* Debug */ = {
			isa = XCBuildConfiguration;
			buildSettings = {
				ASSETCATALOG_COMPILER_APPICON_NAME = AppIcon;
				CODE_SIGN_STYLE = Automatic;
				DEVELOPMENT_TEAM = 69Y2XBHVDM;
				INFOPLIST_FILE = HS5WordScramble/Resources/Info.plist;
				LD_RUNPATH_SEARCH_PATHS = (
					"$(inherited)",
					"@executable_path/Frameworks",
				);
				PRODUCT_BUNDLE_IDENTIFIER = com.shackelford.HS5WordScramble;
				PRODUCT_NAME = "$(TARGET_NAME)";
				SWIFT_VERSION = 5.0;
				TARGETED_DEVICE_FAMILY = "1,2";
			};
			name = Debug;
		};
		AB9ABDDC24AFC769003E950E /* Release */ = {
			isa = XCBuildConfiguration;
			buildSettings = {
				ASSETCATALOG_COMPILER_APPICON_NAME = AppIcon;
				CODE_SIGN_STYLE = Automatic;
				DEVELOPMENT_TEAM = 69Y2XBHVDM;
				INFOPLIST_FILE = HS5WordScramble/Resources/Info.plist;
				LD_RUNPATH_SEARCH_PATHS = (
					"$(inherited)",
					"@executable_path/Frameworks",
				);
				PRODUCT_BUNDLE_IDENTIFIER = com.shackelford.HS5WordScramble;
				PRODUCT_NAME = "$(TARGET_NAME)";
				SWIFT_VERSION = 5.0;
				TARGETED_DEVICE_FAMILY = "1,2";
			};
			name = Release;
		};
/* End XCBuildConfiguration section */

/* Begin XCConfigurationList section */
		AB9ABDC124AFC767003E950E /* Build configuration list for PBXProject "HS5WordScramble" */ = {
			isa = XCConfigurationList;
			buildConfigurations = (
				AB9ABDD824AFC769003E950E /* Debug */,
				AB9ABDD924AFC769003E950E /* Release */,
			);
			defaultConfigurationIsVisible = 0;
			defaultConfigurationName = Release;
		};
		AB9ABDDA24AFC769003E950E /* Build configuration list for PBXNativeTarget "HS5WordScramble" */ = {
			isa = XCConfigurationList;
			buildConfigurations = (
				AB9ABDDB24AFC769003E950E /* Debug */,
				AB9ABDDC24AFC769003E950E /* Release */,
			);
			defaultConfigurationIsVisible = 0;
			defaultConfigurationName = Release;
		};
/* End XCConfigurationList section */
	};
	rootObject = AB9ABDBE24AFC767003E950E /* Project object */;
}
